github.com/Drelf2018/TypeGo v0.7.0 h1:xGq2frpqkAvs/+cnaJp29h4po5S8fQf6GilgQd8rcJs=
github.com/Drelf2018/TypeGo v0.7.0/go.mod h1:hpA8NTaInfI25zNS0P4irE4Hk+kuHFmVPJxco7NhaPM=
golang.org/x/exp v0.0.0-20231127185646-65229373498e h1:Gvh4YaCaXNs6dKTlfgismwWZKyjVZXwOPfIyUaqU3No=
golang.org/x/exp v0.0.0-20231127185646-65229373498e/go.mod h1:iRJReGqOEeBhDZGkGbynYwcHlctCvnjTYIamk7uXpHI=
